
Microsoft Visual Studio Solution File, Format Version 12.00
# Visual Studio Version 17
VisualStudioVersion = 17.5.33414.496
MinimumVisualStudioVersion = 10.0.40219.1
Project("{FAE04EC0-301F-11D3-BF4B-00C04F79EFBC}") = "CalcolatriceTests", "CalcolatriceTests\CalcolatriceTests.csproj", "{815780D3-0CBE-4F98-AF03-B7150E48136D}"
EndProject
Global
	GlobalSection(SolutionConfigurationPlatforms) = preSolution
		Debug|Any CPU = Debug|Any CPU
		Release|Any CPU = Release|Any CPU
	EndGlobalSection
	GlobalSection(ProjectConfigurationPlatforms) = postSolution
		{815780D3-0CBE-4F98-AF03-B7150E48136D}.Debug|Any CPU.ActiveCfg = Debug|Any CPU
		{815780D3-0CBE-4F98-AF03-B7150E48136D}.Debug|Any CPU.Build.0 = Debug|Any CPU
		{815780D3-0CBE-4F98-AF03-B7150E48136D}.Release|Any CPU.ActiveCfg = Release|Any CPU
		{815780D3-0CBE-4F98-AF03-B7150E48136D}.Release|Any CPU.Build.0 = Release|Any CPU
	EndGlobalSection
	GlobalSection(SolutionProperties) = preSolution
		HideSolutionNode = FALSE
	EndGlobalSection
	GlobalSection(ExtensibilityGlobals) = postSolution
		SolutionGuid = {9C508B61-DC57-4340-81A6-BEE8972E8122}
	EndGlobalSection
EndGlobal
